// !$*UTF8*$!
{
	archiveVersion = 1;
	classes = {
	};
	objectVersion = 46;
	objects = {

/* Begin PBXBuildFile section */
		6C217810189E91F800300B09 /* SubPage.m in Sources */ = {isa = PBXBuildFile; fileRef = 6C21780F189E91F800300B09 /* SubPage.m */; };
		6C217813189E91F800300B09 /* Content.m in Sources */ = {isa = PBXBuildFile; fileRef = 6C217812189E91F800300B09 /* Content.m */; };
		6C217816189E91F900300B09 /* Page.m in Sources */ = {isa = PBXBuildFile; fileRef = 6C217815189E91F900300B09 /* Page.m */; };
		6C21781C189E950E00300B09 /* Topic.m in Sources */ = {isa = PBXBuildFile; fileRef = 6C21781B189E950E00300B09 /* Topic.m */; };
		6C49E754188DDBC5000DEE7C /* Tropesios.xcdatamodeld in Sources */ = {isa = PBXBuildFile; fileRef = 6C49E752188DDBC5000DEE7C /* Tropesios.xcdatamodeld */; };
		6C5EB39D18A045F800C9D181 /* Constants.m in Sources */ = {isa = PBXBuildFile; fileRef = 6C5EB39C18A045F800C9D181 /* Constants.m */; };
		6C5EB3A018A048D600C9D181 /* PagePreferencesViewController.m in Sources */ = {isa = PBXBuildFile; fileRef = 6C5EB39F18A048D600C9D181 /* PagePreferencesViewController.m */; };
		6C7F25CA1890898A004E93C3 /* NSManagedObject+Extensions.m in Sources */ = {isa = PBXBuildFile; fileRef = 6C7F25C91890898A004E93C3 /* NSManagedObject+Extensions.m */; };
		6C7F25D01890A6E4004E93C3 /* NSDate+Extensions.m in Sources */ = {isa = PBXBuildFile; fileRef = 6C7F25CF1890A6E4004E93C3 /* NSDate+Extensions.m */; };
		6CACCD8A1895812A00C2CCD1 /* ContentsViewController.m in Sources */ = {isa = PBXBuildFile; fileRef = 6CACCD891895812A00C2CCD1 /* ContentsViewController.m */; };
		6CAE0099187E1666004990FB /* libxml2.2.dylib in Frameworks */ = {isa = PBXBuildFile; fileRef = 6CAE0097187E1650004990FB /* libxml2.2.dylib */; };
		6CB0B9F718830B7D0071D1CA /* PageManager.m in Sources */ = {isa = PBXBuildFile; fileRef = 6CB0B9F618830B7D0071D1CA /* PageManager.m */; };
		6CC11FDE188C2D090005F90F /* HistoryViewController.m in Sources */ = {isa = PBXBuildFile; fileRef = 6CC11FDD188C2D090005F90F /* HistoryViewController.m */; };
		6CC548F1187ED151006B7C28 /* Style.css in Resources */ = {isa = PBXBuildFile; fileRef = 6CC548F0187ED151006B7C28 /* Style.css */; };
		6CC548FB187ED229006B7C28 /* TFHpple.m in Sources */ = {isa = PBXBuildFile; fileRef = 6CC548F5187ED229006B7C28 /* TFHpple.m */; };
		6CC548FC187ED229006B7C28 /* TFHppleElement.m in Sources */ = {isa = PBXBuildFile; fileRef = 6CC548F7187ED229006B7C28 /* TFHppleElement.m */; };
		6CC548FD187ED229006B7C28 /* XPathQuery.m in Sources */ = {isa = PBXBuildFile; fileRef = 6CC548FA187ED229006B7C28 /* XPathQuery.m */; };
		6CC5491C187ED64E006B7C28 /* Main.storyboard in Resources */ = {isa = PBXBuildFile; fileRef = 6CCB823F187C3EB500BE2617 /* Main.storyboard */; };
		6CC54921187EE11B006B7C28 /* Zepto.min.js in Resources */ = {isa = PBXBuildFile; fileRef = 6CC5491F187EDD06006B7C28 /* Zepto.min.js */; };
		6CC54922187EE11B006B7C28 /* Script.js in Resources */ = {isa = PBXBuildFile; fileRef = 6CC5491D187EDCDD006B7C28 /* Script.js */; };
		6CCB822C187C3EB500BE2617 /* Foundation.framework in Frameworks */ = {isa = PBXBuildFile; fileRef = 6CCB822B187C3EB500BE2617 /* Foundation.framework */; };
		6CCB822E187C3EB500BE2617 /* CoreGraphics.framework in Frameworks */ = {isa = PBXBuildFile; fileRef = 6CCB822D187C3EB500BE2617 /* CoreGraphics.framework */; };
		6CCB8230187C3EB500BE2617 /* UIKit.framework in Frameworks */ = {isa = PBXBuildFile; fileRef = 6CCB822F187C3EB500BE2617 /* UIKit.framework */; };
		6CCB8232187C3EB500BE2617 /* CoreData.framework in Frameworks */ = {isa = PBXBuildFile; fileRef = 6CCB8231187C3EB500BE2617 /* CoreData.framework */; };
		6CCB823A187C3EB500BE2617 /* main.m in Sources */ = {isa = PBXBuildFile; fileRef = 6CCB8239187C3EB500BE2617 /* main.m */; };
		6CCB823E187C3EB500BE2617 /* TropesiosAppDelegate.m in Sources */ = {isa = PBXBuildFile; fileRef = 6CCB823D187C3EB500BE2617 /* TropesiosAppDelegate.m */; };
		6CCB824A187C3EB500BE2617 /* PageViewController.m in Sources */ = {isa = PBXBuildFile; fileRef = 6CCB8249187C3EB500BE2617 /* PageViewController.m */; };
		6CCB824C187C3EB500BE2617 /* Images.xcassets in Resources */ = {isa = PBXBuildFile; fileRef = 6CCB824B187C3EB500BE2617 /* Images.xcassets */; };
		6CE9E95418943BE7005DAD00 /* History.m in Sources */ = {isa = PBXBuildFile; fileRef = 6CE9E95318943BE7005DAD00 /* History.m */; };
/* End PBXBuildFile section */

/* Begin PBXFileReference section */
		6C21780E189E91F700300B09 /* SubPage.h */ = {isa = PBXFileReference; fileEncoding = 4; lastKnownFileType = sourcecode.c.h; path = SubPage.h; sourceTree = "<group>"; };
		6C21780F189E91F800300B09 /* SubPage.m */ = {isa = PBXFileReference; fileEncoding = 4; lastKnownFileType = sourcecode.c.objc; path = SubPage.m; sourceTree = "<group>"; };
		6C217811189E91F800300B09 /* Content.h */ = {isa = PBXFileReference; fileEncoding = 4; lastKnownFileType = sourcecode.c.h; path = Content.h; sourceTree = "<group>"; };
		6C217812189E91F800300B09 /* Content.m */ = {isa = PBXFileReference; fileEncoding = 4; lastKnownFileType = sourcecode.c.objc; path = Content.m; sourceTree = "<group>"; };
		6C217814189E91F900300B09 /* Page.h */ = {isa = PBXFileReference; fileEncoding = 4; lastKnownFileType = sourcecode.c.h; path = Page.h; sourceTree = "<group>"; };
		6C217815189E91F900300B09 /* Page.m */ = {isa = PBXFileReference; fileEncoding = 4; lastKnownFileType = sourcecode.c.objc; path = Page.m; sourceTree = "<group>"; };
		6C21781A189E950E00300B09 /* Topic.h */ = {isa = PBXFileReference; fileEncoding = 4; lastKnownFileType = sourcecode.c.h; path = Topic.h; sourceTree = "<group>"; };
		6C21781B189E950E00300B09 /* Topic.m */ = {isa = PBXFileReference; fileEncoding = 4; lastKnownFileType = sourcecode.c.objc; path = Topic.m; sourceTree = "<group>"; };
		6C49E753188DDBC5000DEE7C /* Tropesios.xcdatamodel */ = {isa = PBXFileReference; lastKnownFileType = wrapper.xcdatamodel; path = Tropesios.xcdatamodel; sourceTree = "<group>"; };
		6C5EB39B18A045F800C9D181 /* Constants.h */ = {isa = PBXFileReference; fileEncoding = 4; lastKnownFileType = sourcecode.c.h; path = Constants.h; sourceTree = "<group>"; };
		6C5EB39C18A045F800C9D181 /* Constants.m */ = {isa = PBXFileReference; fileEncoding = 4; lastKnownFileType = sourcecode.c.objc; path = Constants.m; sourceTree = "<group>"; };
		6C5EB39E18A048D600C9D181 /* PagePreferencesViewController.h */ = {isa = PBXFileReference; fileEncoding = 4; lastKnownFileType = sourcecode.c.h; path = PagePreferencesViewController.h; sourceTree = "<group>"; };
		6C5EB39F18A048D600C9D181 /* PagePreferencesViewController.m */ = {isa = PBXFileReference; fileEncoding = 4; lastKnownFileType = sourcecode.c.objc; path = PagePreferencesViewController.m; sourceTree = "<group>"; };
		6C7F25C81890898A004E93C3 /* NSManagedObject+Extensions.h */ = {isa = PBXFileReference; fileEncoding = 4; lastKnownFileType = sourcecode.c.h; path = "NSManagedObject+Extensions.h"; sourceTree = "<group>"; };
		6C7F25C91890898A004E93C3 /* NSManagedObject+Extensions.m */ = {isa = PBXFileReference; fileEncoding = 4; lastKnownFileType = sourcecode.c.objc; path = "NSManagedObject+Extensions.m"; sourceTree = "<group>"; };
		6C7F25CE1890A6E4004E93C3 /* NSDate+Extensions.h */ = {isa = PBXFileReference; fileEncoding = 4; lastKnownFileType = sourcecode.c.h; path = "NSDate+Extensions.h"; sourceTree = "<group>"; };
		6C7F25CF1890A6E4004E93C3 /* NSDate+Extensions.m */ = {isa = PBXFileReference; fileEncoding = 4; lastKnownFileType = sourcecode.c.objc; path = "NSDate+Extensions.m"; sourceTree = "<group>"; };
		6CACCD881895812A00C2CCD1 /* ContentsViewController.h */ = {isa = PBXFileReference; fileEncoding = 4; lastKnownFileType = sourcecode.c.h; path = ContentsViewController.h; sourceTree = "<group>"; };
		6CACCD891895812A00C2CCD1 /* ContentsViewController.m */ = {isa = PBXFileReference; fileEncoding = 4; lastKnownFileType = sourcecode.c.objc; path = ContentsViewController.m; sourceTree = "<group>"; };
		6CAE0097187E1650004990FB /* libxml2.2.dylib */ = {isa = PBXFileReference; lastKnownFileType = "compiled.mach-o.dylib"; name = libxml2.2.dylib; path = usr/lib/libxml2.2.dylib; sourceTree = SDKROOT; };
		6CB0B9F518830B7D0071D1CA /* PageManager.h */ = {isa = PBXFileReference; fileEncoding = 4; lastKnownFileType = sourcecode.c.h; name = PageManager.h; path = Tropesios/PageManager.h; sourceTree = SOURCE_ROOT; };
		6CB0B9F618830B7D0071D1CA /* PageManager.m */ = {isa = PBXFileReference; fileEncoding = 4; lastKnownFileType = sourcecode.c.objc; name = PageManager.m; path = Tropesios/PageManager.m; sourceTree = SOURCE_ROOT; };
		6CC11FDC188C2D090005F90F /* HistoryViewController.h */ = {isa = PBXFileReference; fileEncoding = 4; lastKnownFileType = sourcecode.c.h; path = HistoryViewController.h; sourceTree = "<group>"; };
		6CC11FDD188C2D090005F90F /* HistoryViewController.m */ = {isa = PBXFileReference; fileEncoding = 4; lastKnownFileType = sourcecode.c.objc; path = HistoryViewController.m; sourceTree = "<group>"; };
		6CC11FE1188C435D0005F90F /* en */ = {isa = PBXFileReference; lastKnownFileType = text.plist.strings; name = en; path = en.lproj/Main.strings; sourceTree = "<group>"; };
		6CC548F0187ED151006B7C28 /* Style.css */ = {isa = PBXFileReference; fileEncoding = 4; lastKnownFileType = text.css; path = Style.css; sourceTree = "<group>"; xcLanguageSpecificationIdentifier = xcode.lang.css; };
		6CC548F4187ED229006B7C28 /* TFHpple.h */ = {isa = PBXFileReference; fileEncoding = 4; lastKnownFileType = sourcecode.c.h; path = TFHpple.h; sourceTree = "<group>"; };
		6CC548F5187ED229006B7C28 /* TFHpple.m */ = {isa = PBXFileReference; fileEncoding = 4; lastKnownFileType = sourcecode.c.objc; path = TFHpple.m; sourceTree = "<group>"; };
		6CC548F6187ED229006B7C28 /* TFHppleElement.h */ = {isa = PBXFileReference; fileEncoding = 4; lastKnownFileType = sourcecode.c.h; path = TFHppleElement.h; sourceTree = "<group>"; };
		6CC548F7187ED229006B7C28 /* TFHppleElement.m */ = {isa = PBXFileReference; fileEncoding = 4; lastKnownFileType = sourcecode.c.objc; path = TFHppleElement.m; sourceTree = "<group>"; };
		6CC548F9187ED229006B7C28 /* XPathQuery.h */ = {isa = PBXFileReference; fileEncoding = 4; lastKnownFileType = sourcecode.c.h; path = XPathQuery.h; sourceTree = "<group>"; };
		6CC548FA187ED229006B7C28 /* XPathQuery.m */ = {isa = PBXFileReference; fileEncoding = 4; lastKnownFileType = sourcecode.c.objc; path = XPathQuery.m; sourceTree = "<group>"; };
		6CC548FE187ED3A9006B7C28 /* Tropesios-Info.plist */ = {isa = PBXFileReference; fileEncoding = 4; lastKnownFileType = text.plist.xml; path = "Tropesios-Info.plist"; sourceTree = "<group>"; };
		6CC5491D187EDCDD006B7C28 /* Script.js */ = {isa = PBXFileReference; fileEncoding = 4; lastKnownFileType = sourcecode.javascript; path = Script.js; sourceTree = "<group>"; };
		6CC5491F187EDD06006B7C28 /* Zepto.min.js */ = {isa = PBXFileReference; fileEncoding = 4; lastKnownFileType = sourcecode.javascript; name = Zepto.min.js; path = Tropesios/Resources/Zepto.min.js; sourceTree = SOURCE_ROOT; };
		6CCB8228187C3EB500BE2617 /* Tropesios.app */ = {isa = PBXFileReference; explicitFileType = wrapper.application; includeInIndex = 0; path = Tropesios.app; sourceTree = BUILT_PRODUCTS_DIR; };
		6CCB822B187C3EB500BE2617 /* Foundation.framework */ = {isa = PBXFileReference; lastKnownFileType = wrapper.framework; name = Foundation.framework; path = System/Library/Frameworks/Foundation.framework; sourceTree = SDKROOT; };
		6CCB822D187C3EB500BE2617 /* CoreGraphics.framework */ = {isa = PBXFileReference; lastKnownFileType = wrapper.framework; name = CoreGraphics.framework; path = System/Library/Frameworks/CoreGraphics.framework; sourceTree = SDKROOT; };
		6CCB822F187C3EB500BE2617 /* UIKit.framework */ = {isa = PBXFileReference; lastKnownFileType = wrapper.framework; name = UIKit.framework; path = System/Library/Frameworks/UIKit.framework; sourceTree = SDKROOT; };
		6CCB8231187C3EB500BE2617 /* CoreData.framework */ = {isa = PBXFileReference; lastKnownFileType = wrapper.framework; name = CoreData.framework; path = System/Library/Frameworks/CoreData.framework; sourceTree = SDKROOT; };
		6CCB8239187C3EB500BE2617 /* main.m */ = {isa = PBXFileReference; lastKnownFileType = sourcecode.c.objc; path = main.m; sourceTree = "<group>"; };
		6CCB823B187C3EB500BE2617 /* Tropesios-Prefix.pch */ = {isa = PBXFileReference; lastKnownFileType = sourcecode.c.h; path = "Tropesios-Prefix.pch"; sourceTree = "<group>"; };
		6CCB823C187C3EB500BE2617 /* TropesiosAppDelegate.h */ = {isa = PBXFileReference; lastKnownFileType = sourcecode.c.h; path = TropesiosAppDelegate.h; sourceTree = "<group>"; };
		6CCB823D187C3EB500BE2617 /* TropesiosAppDelegate.m */ = {isa = PBXFileReference; lastKnownFileType = sourcecode.c.objc; path = TropesiosAppDelegate.m; sourceTree = "<group>"; };
		6CCB8240187C3EB500BE2617 /* Base */ = {isa = PBXFileReference; lastKnownFileType = file.storyboard; name = Base; path = Base.lproj/Main.storyboard; sourceTree = "<group>"; };
		6CCB8248187C3EB500BE2617 /* PageViewController.h */ = {isa = PBXFileReference; lastKnownFileType = sourcecode.c.h; path = PageViewController.h; sourceTree = "<group>"; };
		6CCB8249187C3EB500BE2617 /* PageViewController.m */ = {isa = PBXFileReference; lastKnownFileType = sourcecode.c.objc; path = PageViewController.m; sourceTree = "<group>"; };
		6CCB824B187C3EB500BE2617 /* Images.xcassets */ = {isa = PBXFileReference; lastKnownFileType = folder.assetcatalog; name = Images.xcassets; path = ../Images.xcassets; sourceTree = "<group>"; };
		6CCB8252187C3EB500BE2617 /* XCTest.framework */ = {isa = PBXFileReference; lastKnownFileType = wrapper.framework; name = XCTest.framework; path = Library/Frameworks/XCTest.framework; sourceTree = DEVELOPER_DIR; };
		6CE9E95218943BE7005DAD00 /* History.h */ = {isa = PBXFileReference; fileEncoding = 4; lastKnownFileType = sourcecode.c.h; path = History.h; sourceTree = "<group>"; };
		6CE9E95318943BE7005DAD00 /* History.m */ = {isa = PBXFileReference; fileEncoding = 4; lastKnownFileType = sourcecode.c.objc; path = History.m; sourceTree = "<group>"; };
/* End PBXFileReference section */

/* Begin PBXFrameworksBuildPhase section */
		6CCB8225187C3EB500BE2617 /* Frameworks */ = {
			isa = PBXFrameworksBuildPhase;
			buildActionMask = 2147483647;
			files = (
				6CAE0099187E1666004990FB /* libxml2.2.dylib in Frameworks */,
				6CCB822E187C3EB500BE2617 /* CoreGraphics.framework in Frameworks */,
				6CCB8232187C3EB500BE2617 /* CoreData.framework in Frameworks */,
				6CCB8230187C3EB500BE2617 /* UIKit.framework in Frameworks */,
				6CCB822C187C3EB500BE2617 /* Foundation.framework in Frameworks */,
			);
			runOnlyForDeploymentPostprocessing = 0;
		};
/* End PBXFrameworksBuildPhase section */

/* Begin PBXGroup section */
		6CB0B9DC188302890071D1CA /* Entities */ = {
			isa = PBXGroup;
			children = (
				6C49E752188DDBC5000DEE7C /* Tropesios.xcdatamodeld */,
				6C21781A189E950E00300B09 /* Topic.h */,
				6C21781B189E950E00300B09 /* Topic.m */,
				6C217814189E91F900300B09 /* Page.h */,
				6C217815189E91F900300B09 /* Page.m */,
				6C217811189E91F800300B09 /* Content.h */,
				6C217812189E91F800300B09 /* Content.m */,
				6C21780E189E91F700300B09 /* SubPage.h */,
				6C21780F189E91F800300B09 /* SubPage.m */,
				6CE9E95218943BE7005DAD00 /* History.h */,
				6CE9E95318943BE7005DAD00 /* History.m */,
			);
			name = Entities;
			path = Tropesios/Entities;
			sourceTree = SOURCE_ROOT;
		};
		6CC11FDB188BFD390005F90F /* Controllers */ = {
			isa = PBXGroup;
			children = (
				6CACCD881895812A00C2CCD1 /* ContentsViewController.h */,
				6CACCD891895812A00C2CCD1 /* ContentsViewController.m */,
				6CC11FDC188C2D090005F90F /* HistoryViewController.h */,
				6CC11FDD188C2D090005F90F /* HistoryViewController.m */,
				6CCB8248187C3EB500BE2617 /* PageViewController.h */,
				6CCB8249187C3EB500BE2617 /* PageViewController.m */,
				6C5EB39E18A048D600C9D181 /* PagePreferencesViewController.h */,
				6C5EB39F18A048D600C9D181 /* PagePreferencesViewController.m */,
			);
			name = Controllers;
			path = Tropesios/Controllers;
			sourceTree = SOURCE_ROOT;
		};
		6CC548EF187ED114006B7C28 /* Resources */ = {
			isa = PBXGroup;
			children = (
				6CCB824B187C3EB500BE2617 /* Images.xcassets */,
				6CC5491F187EDD06006B7C28 /* Zepto.min.js */,
				6CC548F0187ED151006B7C28 /* Style.css */,
				6CC5491D187EDCDD006B7C28 /* Script.js */,
			);
			name = Resources;
			path = Tropesios/Resources;
			sourceTree = SOURCE_ROOT;
		};
		6CC548F2187ED229006B7C28 /* Frameworks */ = {
			isa = PBXGroup;
			children = (
				6CE9E95118943607005DAD00 /* Extensions */,
				6CC548F3187ED229006B7C28 /* Hpple */,
			);
			name = Frameworks;
			path = Tropesios/Frameworks;
			sourceTree = SOURCE_ROOT;
		};
		6CC548F3187ED229006B7C28 /* Hpple */ = {
			isa = PBXGroup;
			children = (
				6CC548F8187ED229006B7C28 /* XPath */,
				6CC548F4187ED229006B7C28 /* TFHpple.h */,
				6CC548F5187ED229006B7C28 /* TFHpple.m */,
				6CC548F6187ED229006B7C28 /* TFHppleElement.h */,
				6CC548F7187ED229006B7C28 /* TFHppleElement.m */,
			);
			path = Hpple;
			sourceTree = "<group>";
		};
		6CC548F8187ED229006B7C28 /* XPath */ = {
			isa = PBXGroup;
			children = (
				6CC548F9187ED229006B7C28 /* XPathQuery.h */,
				6CC548FA187ED229006B7C28 /* XPathQuery.m */,
			);
			path = XPath;
			sourceTree = "<group>";
		};
		6CCB821F187C3EB500BE2617 = {
			isa = PBXGroup;
			children = (
				6CCB8233187C3EB500BE2617 /* Tropesios */,
				6CCB822A187C3EB500BE2617 /* Frameworks */,
				6CCB8229187C3EB500BE2617 /* Products */,
			);
			sourceTree = "<group>";
		};
		6CCB8229187C3EB500BE2617 /* Products */ = {
			isa = PBXGroup;
			children = (
				6CCB8228187C3EB500BE2617 /* Tropesios.app */,
			);
			name = Products;
			sourceTree = "<group>";
		};
		6CCB822A187C3EB500BE2617 /* Frameworks */ = {
			isa = PBXGroup;
			children = (
				6CAE0097187E1650004990FB /* libxml2.2.dylib */,
				6CCB822B187C3EB500BE2617 /* Foundation.framework */,
				6CCB822D187C3EB500BE2617 /* CoreGraphics.framework */,
				6CCB822F187C3EB500BE2617 /* UIKit.framework */,
				6CCB8231187C3EB500BE2617 /* CoreData.framework */,
				6CCB8252187C3EB500BE2617 /* XCTest.framework */,
			);
			name = Frameworks;
			sourceTree = "<group>";
		};
		6CCB8233187C3EB500BE2617 /* Tropesios */ = {
			isa = PBXGroup;
			children = (
				6CB0B9DC188302890071D1CA /* Entities */,
				6CCB8234187C3EB500BE2617 /* Supporting Files */,
				6CC548F2187ED229006B7C28 /* Frameworks */,
				6CC548EF187ED114006B7C28 /* Resources */,
				6CC11FDB188BFD390005F90F /* Controllers */,
				6CCB823F187C3EB500BE2617 /* Main.storyboard */,
				6CCB823C187C3EB500BE2617 /* TropesiosAppDelegate.h */,
				6CCB823D187C3EB500BE2617 /* TropesiosAppDelegate.m */,
				6CB0B9F518830B7D0071D1CA /* PageManager.h */,
				6CB0B9F618830B7D0071D1CA /* PageManager.m */,
			);
			name = Tropesios;
			path = tropesios;
			sourceTree = "<group>";
		};
		6CCB8234187C3EB500BE2617 /* Supporting Files */ = {
			isa = PBXGroup;
			children = (
				6CC548FE187ED3A9006B7C28 /* Tropesios-Info.plist */,
				6CCB8239187C3EB500BE2617 /* main.m */,
				6CCB823B187C3EB500BE2617 /* Tropesios-Prefix.pch */,
				6C5EB39B18A045F800C9D181 /* Constants.h */,
				6C5EB39C18A045F800C9D181 /* Constants.m */,
			);
			name = "Supporting Files";
			path = "Tropesios/Supporting Files";
			sourceTree = SOURCE_ROOT;
		};
		6CE9E95118943607005DAD00 /* Extensions */ = {
			isa = PBXGroup;
			children = (
				6C7F25C81890898A004E93C3 /* NSManagedObject+Extensions.h */,
				6C7F25C91890898A004E93C3 /* NSManagedObject+Extensions.m */,
				6C7F25CE1890A6E4004E93C3 /* NSDate+Extensions.h */,
				6C7F25CF1890A6E4004E93C3 /* NSDate+Extensions.m */,
			);
			path = Extensions;
			sourceTree = "<group>";
		};
/* End PBXGroup section */

/* Begin PBXNativeTarget section */
		6CCB8227187C3EB500BE2617 /* Tropesios */ = {
			isa = PBXNativeTarget;
			buildConfigurationList = 6CCB8263187C3EB500BE2617 /* Build configuration list for PBXNativeTarget "Tropesios" */;
			buildPhases = (
				6CCB8224187C3EB500BE2617 /* Sources */,
				6CCB8225187C3EB500BE2617 /* Frameworks */,
				6CCB8226187C3EB500BE2617 /* Resources */,
			);
			buildRules = (
			);
			dependencies = (
			);
			name = Tropesios;
			productName = tropesios;
			productReference = 6CCB8228187C3EB500BE2617 /* Tropesios.app */;
			productType = "com.apple.product-type.application";
		};
/* End PBXNativeTarget section */

/* Begin PBXProject section */
		6CCB8220187C3EB500BE2617 /* Project object */ = {
			isa = PBXProject;
			attributes = {
				LastUpgradeCheck = 0500;
				ORGANIZATIONNAME = "João Paulo Gonçalves";
				TargetAttributes = {
					6CCB8227187C3EB500BE2617 = {
						DevelopmentTeam = B9PDPA62P8;
					};
				};
			};
			buildConfigurationList = 6CCB8223187C3EB500BE2617 /* Build configuration list for PBXProject "Tropesios" */;
			compatibilityVersion = "Xcode 3.2";
			developmentRegion = English;
			hasScannedForEncodings = 0;
			knownRegions = (
				en,
				Base,
			);
			mainGroup = 6CCB821F187C3EB500BE2617;
			productRefGroup = 6CCB8229187C3EB500BE2617 /* Products */;
			projectDirPath = "";
			projectRoot = "";
			targets = (
				6CCB8227187C3EB500BE2617 /* Tropesios */,
			);
		};
/* End PBXProject section */

/* Begin PBXResourcesBuildPhase section */
		6CCB8226187C3EB500BE2617 /* Resources */ = {
			isa = PBXResourcesBuildPhase;
			buildActionMask = 2147483647;
			files = (
				6CC54921187EE11B006B7C28 /* Zepto.min.js in Resources */,
				6CC54922187EE11B006B7C28 /* Script.js in Resources */,
				6CC5491C187ED64E006B7C28 /* Main.storyboard in Resources */,
				6CCB824C187C3EB500BE2617 /* Images.xcassets in Resources */,
				6CC548F1187ED151006B7C28 /* Style.css in Resources */,
			);
			runOnlyForDeploymentPostprocessing = 0;
		};
/* End PBXResourcesBuildPhase section */

/* Begin PBXSourcesBuildPhase section */
		6CCB8224187C3EB500BE2617 /* Sources */ = {
			isa = PBXSourcesBuildPhase;
			buildActionMask = 2147483647;
			files = (
				6CCB824A187C3EB500BE2617 /* PageViewController.m in Sources */,
				6CCB823E187C3EB500BE2617 /* TropesiosAppDelegate.m in Sources */,
				6CACCD8A1895812A00C2CCD1 /* ContentsViewController.m in Sources */,
				6C49E754188DDBC5000DEE7C /* Tropesios.xcdatamodeld in Sources */,
				6CB0B9F718830B7D0071D1CA /* PageManager.m in Sources */,
				6C21781C189E950E00300B09 /* Topic.m in Sources */,
				6CE9E95418943BE7005DAD00 /* History.m in Sources */,
				6C217810189E91F800300B09 /* SubPage.m in Sources */,
				6CC11FDE188C2D090005F90F /* HistoryViewController.m in Sources */,
				6C7F25CA1890898A004E93C3 /* NSManagedObject+Extensions.m in Sources */,
				6C7F25D01890A6E4004E93C3 /* NSDate+Extensions.m in Sources */,
				6C217816189E91F900300B09 /* Page.m in Sources */,
				6CC548FB187ED229006B7C28 /* TFHpple.m in Sources */,
				6CCB823A187C3EB500BE2617 /* main.m in Sources */,
				6CC548FD187ED229006B7C28 /* XPathQuery.m in Sources */,
				6C217813189E91F800300B09 /* Content.m in Sources */,
				6C5EB3A018A048D600C9D181 /* PagePreferencesViewController.m in Sources */,
				6CC548FC187ED229006B7C28 /* TFHppleElement.m in Sources */,
				6C5EB39D18A045F800C9D181 /* Constants.m in Sources */,
			);
			runOnlyForDeploymentPostprocessing = 0;
		};
/* End PBXSourcesBuildPhase section */

/* Begin PBXVariantGroup section */
		6CCB823F187C3EB500BE2617 /* Main.storyboard */ = {
			isa = PBXVariantGroup;
			children = (
				6CCB8240187C3EB500BE2617 /* Base */,
				6CC11FE1188C435D0005F90F /* en */,
			);
			name = Main.storyboard;
			sourceTree = "<group>";
		};
/* End PBXVariantGroup section */

/* Begin XCBuildConfiguration section */
		6CCB8261187C3EB500BE2617 /* Debug */ = {
			isa = XCBuildConfiguration;
			buildSettings = {
				ALWAYS_SEARCH_USER_PATHS = NO;
				ARCHS = "$(ARCHS_STANDARD_INCLUDING_64_BIT)";
				CLANG_CXX_LANGUAGE_STANDARD = "gnu++0x";
				CLANG_CXX_LIBRARY = "libc++";
				CLANG_ENABLE_MODULES = YES;
				CLANG_ENABLE_OBJC_ARC = YES;
				CLANG_WARN_BOOL_CONVERSION = YES;
				CLANG_WARN_CONSTANT_CONVERSION = YES;
				CLANG_WARN_DIRECT_OBJC_ISA_USAGE = YES_ERROR;
				CLANG_WARN_EMPTY_BODY = YES;
				CLANG_WARN_ENUM_CONVERSION = YES;
				CLANG_WARN_INT_CONVERSION = YES;
				CLANG_WARN_OBJC_ROOT_CLASS = YES_ERROR;
				CLANG_WARN__DUPLICATE_METHOD_MATCH = YES;
				"CODE_SIGN_IDENTITY[sdk=iphoneos*]" = "iPhone Developer";
				COPY_PHASE_STRIP = NO;
				GCC_C_LANGUAGE_STANDARD = gnu99;
				GCC_DYNAMIC_NO_PIC = NO;
				GCC_OPTIMIZATION_LEVEL = 0;
				GCC_PREPROCESSOR_DEFINITIONS = (
					"DEBUG=1",
					"$(inherited)",
				);
				GCC_SYMBOLS_PRIVATE_EXTERN = NO;
				GCC_WARN_64_TO_32_BIT_CONVERSION = YES;
				GCC_WARN_ABOUT_RETURN_TYPE = YES_ERROR;
				GCC_WARN_UNDECLARED_SELECTOR = YES;
				GCC_WARN_UNINITIALIZED_AUTOS = YES;
				GCC_WARN_UNUSED_FUNCTION = YES;
				GCC_WARN_UNUSED_VARIABLE = YES;
				IPHONEOS_DEPLOYMENT_TARGET = 7.0;
				ONLY_ACTIVE_ARCH = YES;
				SDKROOT = iphoneos;
				TARGETED_DEVICE_FAMILY = 2;
			};
			name = Debug;
		};
		6CCB8262187C3EB500BE2617 /* Release */ = {
			isa = XCBuildConfiguration;
			buildSettings = {
				ALWAYS_SEARCH_USER_PATHS = NO;
				ARCHS = "$(ARCHS_STANDARD_INCLUDING_64_BIT)";
				CLANG_CXX_LANGUAGE_STANDARD = "gnu++0x";
				CLANG_CXX_LIBRARY = "libc++";
				CLANG_ENABLE_MODULES = YES;
				CLANG_ENABLE_OBJC_ARC = YES;
				CLANG_WARN_BOOL_CONVERSION = YES;
				CLANG_WARN_CONSTANT_CONVERSION = YES;
				CLANG_WARN_DIRECT_OBJC_ISA_USAGE = YES_ERROR;
				CLANG_WARN_EMPTY_BODY = YES;
				CLANG_WARN_ENUM_CONVERSION = YES;
				CLANG_WARN_INT_CONVERSION = YES;
				CLANG_WARN_OBJC_ROOT_CLASS = YES_ERROR;
				CLANG_WARN__DUPLICATE_METHOD_MATCH = YES;
				"CODE_SIGN_IDENTITY[sdk=iphoneos*]" = "iPhone Developer";
				COPY_PHASE_STRIP = YES;
				ENABLE_NS_ASSERTIONS = NO;
				GCC_C_LANGUAGE_STANDARD = gnu99;
				GCC_WARN_64_TO_32_BIT_CONVERSION = YES;
				GCC_WARN_ABOUT_RETURN_TYPE = YES_ERROR;
				GCC_WARN_UNDECLARED_SELECTOR = YES;
				GCC_WARN_UNINITIALIZED_AUTOS = YES;
				GCC_WARN_UNUSED_FUNCTION = YES;
				GCC_WARN_UNUSED_VARIABLE = YES;
				IPHONEOS_DEPLOYMENT_TARGET = 7.0;
				SDKROOT = iphoneos;
				TARGETED_DEVICE_FAMILY = 2;
				VALIDATE_PRODUCT = YES;
			};
			name = Release;
		};
		6CCB8264187C3EB500BE2617 /* Debug */ = {
			isa = XCBuildConfiguration;
			buildSettings = {
				ASSETCATALOG_COMPILER_APPICON_NAME = AppIcon;
				ASSETCATALOG_COMPILER_LAUNCHIMAGE_NAME = LaunchImage;
				CODE_SIGN_IDENTITY = "iPhone Developer";
				"CODE_SIGN_IDENTITY[sdk=iphoneos*]" = "iPhone Developer";
				GCC_PRECOMPILE_PREFIX_HEADER = YES;
				GCC_PREFIX_HEADER = "Tropesios/Supporting Files/Tropesios-Prefix.pch";
				HEADER_SEARCH_PATHS = (
					"$(inherited)",
					/Applications/Xcode.app/Contents/Developer/Toolchains/XcodeDefault.xctoolchain/usr/include,
					"$(SDKROOT)/usr/include/libxml2",
				);
				INFOPLIST_FILE = "$(SRCROOT)/Tropesios/Supporting Files/Tropesios-Info.plist";
				PRODUCT_NAME = "$(TARGET_NAME)";
				PROVISIONING_PROFILE = "";
				WRAPPER_EXTENSION = app;
			};
			name = Debug;
		};
		6CCB8265187C3EB500BE2617 /* Release */ = {
			isa = XCBuildConfiguration;
			buildSettings = {
				ASSETCATALOG_COMPILER_APPICON_NAME = AppIcon;
				ASSETCATALOG_COMPILER_LAUNCHIMAGE_NAME = LaunchImage;
				CODE_SIGN_IDENTITY = "iPhone Developer";
				"CODE_SIGN_IDENTITY[sdk=iphoneos*]" = "iPhone Developer";
				GCC_PRECOMPILE_PREFIX_HEADER = YES;
				GCC_PREFIX_HEADER = "Tropesios/Supporting Files/Tropesios-Prefix.pch";
				HEADER_SEARCH_PATHS = (
					"$(inherited)",
					/Applications/Xcode.app/Contents/Developer/Toolchains/XcodeDefault.xctoolchain/usr/include,
					"$(SDKROOT)/usr/include/libxml2",
				);
				INFOPLIST_FILE = "$(SRCROOT)/Tropesios/Supporting Files/Tropesios-Info.plist";
				PRODUCT_NAME = "$(TARGET_NAME)";
				PROVISIONING_PROFILE = "";
				WRAPPER_EXTENSION = app;
			};
			name = Release;
		};
/* End XCBuildConfiguration section */

/* Begin XCConfigurationList section */
		6CCB8223187C3EB500BE2617 /* Build configuration list for PBXProject "Tropesios" */ = {
			isa = XCConfigurationList;
			buildConfigurations = (
				6CCB8261187C3EB500BE2617 /* Debug */,
				6CCB8262187C3EB500BE2617 /* Release */,
			);
			defaultConfigurationIsVisible = 0;
			defaultConfigurationName = Release;
		};
		6CCB8263187C3EB500BE2617 /* Build configuration list for PBXNativeTarget "Tropesios" */ = {
			isa = XCConfigurationList;
			buildConfigurations = (
				6CCB8264187C3EB500BE2617 /* Debug */,
				6CCB8265187C3EB500BE2617 /* Release */,
			);
			defaultConfigurationIsVisible = 0;
			defaultConfigurationName = Release;
		};
/* End XCConfigurationList section */

/* Begin XCVersionGroup section */
		6C49E752188DDBC5000DEE7C /* Tropesios.xcdatamodeld */ = {
			isa = XCVersionGroup;
			children = (
				6C49E753188DDBC5000DEE7C /* Tropesios.xcdatamodel */,
			);
			currentVersion = 6C49E753188DDBC5000DEE7C /* Tropesios.xcdatamodel */;
			path = Tropesios.xcdatamodeld;
			sourceTree = "<group>";
			versionGroupType = wrapper.xcdatamodel;
		};
/* End XCVersionGroup section */
	};
	rootObject = 6CCB8220187C3EB500BE2617 /* Project object */;
}
